
Microsoft Visual Studio Solution File, Format Version 12.00
# Visual Studio Version 17
VisualStudioVersion = 17.4.33103.184
MinimumVisualStudioVersion = 10.0.40219.1
Project("{FAE04EC0-301F-11D3-BF4B-00C04F79EFBC}") = "ProductsDemo", "ProductsDemo\ProductsDemo.csproj", "{7E8A8A22-DCDD-419C-B84F-2C52E8F7DAE0}"
EndProject
Project("{FAE04EC0-301F-11D3-BF4B-00C04F79EFBC}") = "ProductsDemo.Tests", "ProductsDemo.Tests\ProductsDemo.Tests.csproj", "{B88FD3B2-2F1E-4C13-B4A7-4D28101E3858}"
EndProject
Global
	GlobalSection(SolutionConfigurationPlatforms) = preSolution
		Debug|Any CPU = Debug|Any CPU
		Release|Any CPU = Release|Any CPU
	EndGlobalSection
	GlobalSection(ProjectConfigurationPlatforms) = postSolution
		{7E8A8A22-DCDD-419C-B84F-2C52E8F7DAE0}.Debug|Any CPU.ActiveCfg = Debug|Any CPU
		{7E8A8A22-DCDD-419C-B84F-2C52E8F7DAE0}.Debug|Any CPU.Build.0 = Debug|Any CPU
		{7E8A8A22-DCDD-419C-B84F-2C52E8F7DAE0}.Release|Any CPU.ActiveCfg = Release|Any CPU
		{7E8A8A22-DCDD-419C-B84F-2C52E8F7DAE0}.Release|Any CPU.Build.0 = Release|Any CPU
		{B88FD3B2-2F1E-4C13-B4A7-4D28101E3858}.Debug|Any CPU.ActiveCfg = Debug|Any CPU
		{B88FD3B2-2F1E-4C13-B4A7-4D28101E3858}.Debug|Any CPU.Build.0 = Debug|Any CPU
		{B88FD3B2-2F1E-4C13-B4A7-4D28101E3858}.Release|Any CPU.ActiveCfg = Release|Any CPU
		{B88FD3B2-2F1E-4C13-B4A7-4D28101E3858}.Release|Any CPU.Build.0 = Release|Any CPU
	EndGlobalSection
	GlobalSection(SolutionProperties) = preSolution
		HideSolutionNode = FALSE
	EndGlobalSection
	GlobalSection(ExtensibilityGlobals) = postSolution
		SolutionGuid = {3DDC0A8E-0528-4203-9394-7D28BB45986F}
	EndGlobalSection
EndGlobal
